
Microsoft Visual Studio Solution File, Format Version 12.00
# Visual Studio Version 16
VisualStudioVersion = 16.0.31911.196
MinimumVisualStudioVersion = 10.0.40219.1
Project("{FAE04EC0-301F-11D3-BF4B-00C04F79EFBC}") = "Ql_Khachsan", "Ql_Khachsan\Ql_Khachsan.csproj", "{4AB739A8-DB32-4815-AF97-E386EC009E5A}"
EndProject
Global
	GlobalSection(SolutionConfigurationPlatforms) = preSolution
		Debug|Any CPU = Debug|Any CPU
		Release|Any CPU = Release|Any CPU
	EndGlobalSection
	GlobalSection(ProjectConfigurationPlatforms) = postSolution
		{4AB739A8-DB32-4815-AF97-E386EC009E5A}.Debug|Any CPU.ActiveCfg = Debug|Any CPU
		{4AB739A8-DB32-4815-AF97-E386EC009E5A}.Debug|Any CPU.Build.0 = Debug|Any CPU
		{4AB739A8-DB32-4815-AF97-E386EC009E5A}.Release|Any CPU.ActiveCfg = Release|Any CPU
		{4AB739A8-DB32-4815-AF97-E386EC009E5A}.Release|Any CPU.Build.0 = Release|Any CPU
	EndGlobalSection
	GlobalSection(SolutionProperties) = preSolution
		HideSolutionNode = FALSE
	EndGlobalSection
	GlobalSection(ExtensibilityGlobals) = postSolution
		SolutionGuid = {8B960349-D33D-4BE1-8B2A-D9870A1E4A0B}
	EndGlobalSection
EndGlobal
